
Microsoft Visual Studio Solution File, Format Version 12.00
# Visual Studio Version 16
VisualStudioVersion = 16.0.32106.194
MinimumVisualStudioVersion = 10.0.40219.1
Project("{FAE04EC0-301F-11D3-BF4B-00C04F79EFBC}") = "Landspace.Api", "Landspace.Api\Landspace.Api.csproj", "{0EB3DF6A-21B4-451C-A36D-D8D86B125F08}"
EndProject
Global
	GlobalSection(SolutionConfigurationPlatforms) = preSolution
		Debug|Any CPU = Debug|Any CPU
		Release|Any CPU = Release|Any CPU
	EndGlobalSection
	GlobalSection(ProjectConfigurationPlatforms) = postSolution
		{0EB3DF6A-21B4-451C-A36D-D8D86B125F08}.Debug|Any CPU.ActiveCfg = Debug|Any CPU
		{0EB3DF6A-21B4-451C-A36D-D8D86B125F08}.Debug|Any CPU.Build.0 = Debug|Any CPU
		{0EB3DF6A-21B4-451C-A36D-D8D86B125F08}.Release|Any CPU.ActiveCfg = Release|Any CPU
		{0EB3DF6A-21B4-451C-A36D-D8D86B125F08}.Release|Any CPU.Build.0 = Release|Any CPU
	EndGlobalSection
	GlobalSection(SolutionProperties) = preSolution
		HideSolutionNode = FALSE
	EndGlobalSection
	GlobalSection(ExtensibilityGlobals) = postSolution
		SolutionGuid = {7C9F462C-776D-48B0-A2EE-BA32CE54BE42}
	EndGlobalSection
EndGlobal
